
Microsoft Visual Studio Solution File, Format Version 12.00
# Visual Studio Version 16
VisualStudioVersion = 16.0.30114.105
MinimumVisualStudioVersion = 10.0.40219.1
Project("{FAE04EC0-301F-11D3-BF4B-00C04F79EFBC}") = "ManagedBreakpoint1", "ManagedBreakpoint1.csproj", "{57E44103-BE83-4A21-ADF2-DE3A569F554A}"
EndProject
Global
	GlobalSection(SolutionConfigurationPlatforms) = preSolution
		Debug|Any CPU = Debug|Any CPU
		Release|Any CPU = Release|Any CPU
	EndGlobalSection
	GlobalSection(ProjectConfigurationPlatforms) = postSolution
		{57E44103-BE83-4A21-ADF2-DE3A569F554A}.Debug|Any CPU.ActiveCfg = Debug|Any CPU
		{57E44103-BE83-4A21-ADF2-DE3A569F554A}.Debug|Any CPU.Build.0 = Debug|Any CPU
		{57E44103-BE83-4A21-ADF2-DE3A569F554A}.Release|Any CPU.ActiveCfg = Release|Any CPU
		{57E44103-BE83-4A21-ADF2-DE3A569F554A}.Release|Any CPU.Build.0 = Release|Any CPU
	EndGlobalSection
	GlobalSection(SolutionProperties) = preSolution
		HideSolutionNode = FALSE
	EndGlobalSection
	GlobalSection(ExtensibilityGlobals) = postSolution
		SolutionGuid = {64D16A7F-A6AD-465F-B2A0-4C59E789C6F1}
	EndGlobalSection
EndGlobal
